lockfileVersion: '9.0'

settings:
  autoInstallPeers: true
  excludeLinksFromLockfile: false

importers:

  .:
    devDependencies:
      '@playwright/mcp':
        specifier: 0.0.78
        version: 0.0.78

packages:

  '@playwright/mcp@0.0.78':
    resolution: {integrity: sha512-XLTUeA6mEN9sQ+hJ4dfG8EIkDbxS0K3Trc2RBkUJuf02TgE2FQRNTMtq/aJfhyRMINsRl/Ybc4sxcWLtFn4/TQ==}
    engines: {node: '>=18'}
    hasBin: true

  fsevents@2.3.2:
    resolution: {integrity: sha512-xiqMQR4xAeHTuB9uWm+fFRcIOgKBMiOBP+eXiyT7jsgVCq1bkVygt00oASowB7EdtpOHaaPgKt812P9ab+DDKA==}
    engines: {node: ^8.16.0 || ^10.6.0 || >=11.0.0}
    os: [darwin]

  playwright-core@1.62.0-alpha-1783623505000:
    resolution: {integrity: sha512-CPJZdsA/KGT2QQlekiV6Wt+QlQrZHVSZ6oiNtOI/bYYOIVLM8jfKGWTM4zQiyd4UN+40Cq4cA6lxmZHZbtPvJQ==}
    engines: {node: '>=20'}
    hasBin: true

  playwright@1.62.0-alpha-1783623505000:
    resolution: {integrity: sha512-6KV9h4PP3hqu4NaGdxxcijWfYh9LJcFI/R2sP4TTC4I5cFo3oRawN0ETlW5MkE3cQEgKhhoj0KUNz4sfpCT0Tg==}
    engines: {node: '>=20'}
    hasBin: true

snapshots:

  '@playwright/mcp@0.0.78':
    dependencies:
      playwright: 1.62.0-alpha-1783623505000
      playwright-core: 1.62.0-alpha-1783623505000

  fsevents@2.3.2:
    optional: true

  playwright-core@1.62.0-alpha-1783623505000: {}

  playwright@1.62.0-alpha-1783623505000:
    dependencies:
      playwright-core: 1.62.0-alpha-1783623505000
    optionalDependencies:
      fsevents: 2.3.2
